{
  "name": "egret-helper",
  "version": "1.0.1",
  "lockfileVersion": 1,
  "requires": true,
  "dependencies": {
    "typescript": {
      "version": "4.0.3",
      "resolved": "https://registry.npmjs.org/typescript/-/typescript-4.0.3.tgz",
      "integrity": "sha512-tEu6DGxGgRJPb/mVPIZ48e69xCn2yRmCgYmDugAVwmJ6o+0u1RI18eO7E7WBTLYLaEVVOhwQmcdhQHweux/WPg==",
      "dev": true
    },
    "uglify-js": {
      "version": "3.11.2",
      "resolved": "https://registry.npmjs.org/uglify-js/-/uglify-js-3.11.2.tgz",
      "integrity": "sha512-G440NU6fewtnQftSgqRV1r2A5ChKbU1gqFCJ7I8S7MPpY/eZZfLGefaY6gUZYiWebMaO+txgiQ1ZyLDuNWJulg==",
      "dev": true
    }
  }
}
